PODS:
  - CocoaAsyncSocket (7.4.3):
    - CocoaAsyncSocket/All (= 7.4.3)
  - CocoaAsyncSocket/All (7.4.3):
    - CocoaAsyncSocket/GCD
    - CocoaAsyncSocket/RunLoop
  - CocoaAsyncSocket/GCD (7.4.3)
  - CocoaAsyncSocket/RunLoop (7.4.3)
  - FMDB (2.6.2):
    - FMDB/standard (= 2.6.2)
  - FMDB/standard (2.6.2)
  - JSONModel (1.7.0)
  - Masonry (1.0.2)
  - MBProgressHUD (1.0.0)
  - SDWebImage (4.0.0-beta2):
    - SDWebImage/Core (= 4.0.0-beta2)
  - SDWebImage/Core (4.0.0-beta2)

DEPENDENCIES:
  - CocoaAsyncSocket (~> 7.4.1)
  - FMDB (~> 2.6.2)
  - JSONModel (~> 1.7.0)
  - Masonry (~> 1.0.2)
  - MBProgressHUD (~> 1.0.0)
  - SDWebImage (~> 4.0.0-beta2)

SPEC CHECKSUMS:
  CocoaAsyncSocket: a18c75dca4b08723628a0bacca6e94803d90be91
  FMDB: 854a0341b4726e53276f2a8996f06f1b80f9259a
  JSONModel: 840bc0fcffb24b8454d2c026bf26fea454b8e98d
  Masonry: 7c429b56da9d4ee0bbb3ed77a5ea710d6a5df39e
  MBProgressHUD: 4890f671c94e8a0f3cf959aa731e9de2f036d71a
  SDWebImage: e379f33106cf8d6766f970c0ef1c3fb609c94d78

PODFILE CHECKSUM: f79c10ec1bae75a2bbc3db0ad17b5b54cdf3ad1d

COCOAPODS: 1.1.1
